
Microsoft Visual Studio Solution File, Format Version 12.00
# Visual Studio Version 16
VisualStudioVersion = 16.0.30717.126
MinimumVisualStudioVersion = 10.0.40219.1
Project("{FAE04EC0-301F-11D3-BF4B-00C04F79EFBC}") = "R1.Proto", "R1.Proto\R1.Proto.csproj", "{4DDD20F7-31CF-48DF-BCCB-20EFC9754BA7}"
EndProject
Project("{FAE04EC0-301F-11D3-BF4B-00C04F79EFBC}") = "XUnitTestProject1", "XUnitTestProject1\XUnitTestProject1.csproj", "{92474930-8807-4BF5-9282-16CC85F08306}"
EndProject
Global
	GlobalSection(SolutionConfigurationPlatforms) = preSolution
		Debug|Any CPU = Debug|Any CPU
		Release|Any CPU = Release|Any CPU
	EndGlobalSection
	GlobalSection(ProjectConfigurationPlatforms) = postSolution
		{4DDD20F7-31CF-48DF-BCCB-20EFC9754BA7}.Debug|Any CPU.ActiveCfg = Debug|Any CPU
		{4DDD20F7-31CF-48DF-BCCB-20EFC9754BA7}.Debug|Any CPU.Build.0 = Debug|Any CPU
		{4DDD20F7-31CF-48DF-BCCB-20EFC9754BA7}.Release|Any CPU.ActiveCfg = Release|Any CPU
		{4DDD20F7-31CF-48DF-BCCB-20EFC9754BA7}.Release|Any CPU.Build.0 = Release|Any CPU
		{92474930-8807-4BF5-9282-16CC85F08306}.Debug|Any CPU.ActiveCfg = Debug|Any CPU
		{92474930-8807-4BF5-9282-16CC85F08306}.Debug|Any CPU.Build.0 = Debug|Any CPU
		{92474930-8807-4BF5-9282-16CC85F08306}.Release|Any CPU.ActiveCfg = Release|Any CPU
		{92474930-8807-4BF5-9282-16CC85F08306}.Release|Any CPU.Build.0 = Release|Any CPU
	EndGlobalSection
	GlobalSection(SolutionProperties) = preSolution
		HideSolutionNode = FALSE
	EndGlobalSection
	GlobalSection(ExtensibilityGlobals) = postSolution
		SolutionGuid = {6ABEF250-158F-4C8F-B46E-4DF36BD79571}
	EndGlobalSection
EndGlobal
